
Microsoft Visual Studio Solution File, Format Version 12.00
# Visual Studio 15
VisualStudioVersion = 15.0.28307.1433
MinimumVisualStudioVersion = 10.0.40219.1
Project("{FAE04EC0-301F-11D3-BF4B-00C04F79EFBC}") = "AdminAPI", "AdminAPI\AdminAPI.csproj", "{95DAEB5B-453B-40BC-90BD-299721C0DE32}"
EndProject
Project("{FAE04EC0-301F-11D3-BF4B-00C04F79EFBC}") = "AdminAPI.Tests", "AdminAPI.Tests\AdminAPI.Tests.csproj", "{683815FC-542C-4B34-8A39-22F550891AFC}"
EndProject
Global
	GlobalSection(SolutionConfigurationPlatforms) = preSolution
		Debug|Any CPU = Debug|Any CPU
		Release|Any CPU = Release|Any CPU
	EndGlobalSection
	GlobalSection(ProjectConfigurationPlatforms) = postSolution
		{95DAEB5B-453B-40BC-90BD-299721C0DE32}.Debug|Any CPU.ActiveCfg = Debug|Any CPU
		{95DAEB5B-453B-40BC-90BD-299721C0DE32}.Debug|Any CPU.Build.0 = Debug|Any CPU
		{95DAEB5B-453B-40BC-90BD-299721C0DE32}.Release|Any CPU.ActiveCfg = Release|Any CPU
		{95DAEB5B-453B-40BC-90BD-299721C0DE32}.Release|Any CPU.Build.0 = Release|Any CPU
		{683815FC-542C-4B34-8A39-22F550891AFC}.Debug|Any CPU.ActiveCfg = Debug|Any CPU
		{683815FC-542C-4B34-8A39-22F550891AFC}.Debug|Any CPU.Build.0 = Debug|Any CPU
		{683815FC-542C-4B34-8A39-22F550891AFC}.Release|Any CPU.ActiveCfg = Release|Any CPU
		{683815FC-542C-4B34-8A39-22F550891AFC}.Release|Any CPU.Build.0 = Release|Any CPU
	EndGlobalSection
	GlobalSection(SolutionProperties) = preSolution
		HideSolutionNode = FALSE
	EndGlobalSection
	GlobalSection(ExtensibilityGlobals) = postSolution
		SolutionGuid = {D8E05EA0-FC11-4B60-B85A-8A59E6E81730}
	EndGlobalSection
EndGlobal
